
Microsoft Visual Studio Solution File, Format Version 12.00
# Visual Studio Version 17
VisualStudioVersion = 17.3.32929.385
MinimumVisualStudioVersion = 10.0.40219.1
Project("{9A19103F-16F7-4668-BE54-9A1E7A4F7556}") = "Kmod", "Kmod.csproj", "{58FFB936-0BF8-4632-82CB-EFE4F09825E8}"
EndProject
Global
	GlobalSection(SolutionConfigurationPlatforms) = preSolution
		Debug|Any CPU = Debug|Any CPU
		Release|Any CPU = Release|Any CPU
	EndGlobalSection
	GlobalSection(ProjectConfigurationPlatforms) = postSolution
		{58FFB936-0BF8-4632-82CB-EFE4F09825E8}.Debug|Any CPU.ActiveCfg = Debug|Any CPU
		{58FFB936-0BF8-4632-82CB-EFE4F09825E8}.Debug|Any CPU.Build.0 = Debug|Any CPU
		{58FFB936-0BF8-4632-82CB-EFE4F09825E8}.Release|Any CPU.ActiveCfg = Release|Any CPU
		{58FFB936-0BF8-4632-82CB-EFE4F09825E8}.Release|Any CPU.Build.0 = Release|Any CPU
	EndGlobalSection
	GlobalSection(SolutionProperties) = preSolution
		HideSolutionNode = FALSE
	EndGlobalSection
	GlobalSection(ExtensibilityGlobals) = postSolution
		SolutionGuid = {348CF98C-CE86-48EA-B904-CE77101F75A9}
	EndGlobalSection
EndGlobal
